{
  "requires": true,
  "lockfileVersion": 1,
  "dependencies": {
    "cordova-adal-plugin": {
      "version": "0.0.3",
      "resolved": "https://registry.npmjs.org/cordova-adal-plugin/-/cordova-adal-plugin-0.0.3.tgz",
      "integrity": "sha512-MyZS+5+OuUIPigRB6onKkR+BkSIlNF2/Tnob2JVw+ZntetzKE80ZgbYKe/ebTQ7ePCm1HN7lwLkNtLtQGv3TAA=="
    }
  }
}
